<?xml version="1.0" encoding="UTF-8" standalone="yes" ?>
<CodeBlocks_project_file>
	<FileVersion major="1" minor="6" />
	<Project>
		<Option title="Kalman Estimator" />
		<Option compiler="gcc" />
		<Build>
			<Target title="default">
				<Option output="KalmanEstimator" prefix_auto="1" extension_auto="1" />
				<Option type="0" />
				<Option compiler="gcc" />
			</Target>
		</Build>
		<Unit filename="../../.gitattributes" />
		<Unit filename="../../.gitignore" />
		<Unit filename="../../Build-AVR.py" />
		<Unit filename="../../Build-PC.py" />
		<Unit filename="../../CMakeLists.txt" />
		<Unit filename="../../LICENSE.txt" />
		<Unit filename="../../cmake/toolchain-avr-gcc.cmake" />
		<Unit filename="../../example/.gitignore" />
		<Unit filename="../../example/CMakeLists.txt" />
		<Unit filename="../../example/blink-led-avr.cpp" />
		<Unit filename="../../example/blink-led-isr-avr.cpp" />
		<Unit filename="../../example/covariance-error.cpp" />
		<Unit filename="../../example/fade-led-avr.cpp" />
		<Unit filename="../../example/input-adc-isr-avr.cpp" />
		<Unit filename="../../example/kalman-sim-avr.cpp" />
		<Unit filename="../../example/kalman-sim.cpp" />
		<Unit filename="../../example/kalman-sim.out.txt" />
		<Unit filename="../../example/matlab/kalman-sim.m" />
		<Unit filename="../../example/matlab/kalman-sim.png" />
		<Unit filename="../../example/matlab/kalman.m" />
		<Unit filename="../../example/mk-blink-led-avr.py" />
		<Unit filename="../../example/mk-blink-led-isr-avr.py" />
		<Unit filename="../../example/mk-fade-led-avr.py" />
		<Unit filename="../../example/mk-input-adc-isr-avr.py" />
		<Unit filename="../../example/mk-kalman-sim-avr.py" />
		<Unit filename="../../example/mk-kalman-sim.py" />
		<Unit filename="../../include/num/fixed-point-io.hpp" />
		<Unit filename="../../include/num/fixed-point.hpp" />
		<Unit filename="../../include/num/kalman-io.hpp" />
		<Unit filename="../../include/num/kalman.hpp" />
		<Unit filename="../../include/num/matrix-io.hpp" />
		<Unit filename="../../include/num/matrix.hpp" />
		<Unit filename="../../include/num/vector-io.hpp" />
		<Unit filename="../../include/std/algorithm.hpp" />
		<Unit filename="../../include/std/cstdint.hpp" />
		<Unit filename="../../include/std/limits.hpp" />
		<Unit filename="../../include/std/type_traits.hpp" />
		<Unit filename="../../include/std/utility.hpp" />
		<Unit filename="../../issue/avr-issue-tpl-fun.cpp" />
		<Unit filename="../../script/avr-gcc.py" />
		<Unit filename="../../script/avr-upload.py" />
		<Unit filename="../../test/CMakeLists.txt" />
		<Unit filename="../../test/fixed-point.t.cpp" />
		<Unit filename="../../test/lest.hpp" />
		<Unit filename="../../test/main-avr.t.cpp" />
		<Unit filename="../../test/main.t.cpp" />
		<Unit filename="../../test/matrix.t.cpp" />
		<Unit filename="../../test/stdcpp.t.cpp" />
		<Unit filename="../../test/t-avr.py" />
		<Unit filename="../../test/t.bat" />
		<Unit filename="../../test/tc.bat" />
		<Unit filename="../../test/tg.bat" />
		<Unit filename="../../time/CMakeLists.txt" />
		<Unit filename="../../time/kalman-time-avr.cpp" />
		<Unit filename="../../time/mk-kalman-time-avr.py" />
		<Extensions>
			<code_completion />
			<envvars />
			<debugger />
		</Extensions>
	</Project>
</CodeBlocks_project_file>
