<?xml version="1.0" encoding="UTF-8" standalone="yes" ?>
<CodeBlocks_project_file>
	<FileVersion major="1" minor="6" />
	<Project>
		<Option title="Kalman Estimator" />
		<Option compiler="gcc" />
		<Build>
			<Target title="default">
				<Option output="KalmanEstimator" prefix_auto="1" extension_auto="1" />
				<Option type="0" />
				<Option compiler="gcc" />
			</Target>
		</Build>
		<Unit filename="../../.gitattributes" />
		<Unit filename="../../.gitignore" />
		<Unit filename="../../Build-AVR.py" />
		<Unit filename="../../Build-PC.py" />
		<Unit filename="../../CMakeLists.txt" />
		<Unit filename="../../LICENSE.txt" />
		<Unit filename="../../cmake/toolchain-avr-gcc.cmake" />
		<Unit filename="../../example/.gitignore" />
		<Unit filename="../../example/CMakeLists.txt" />
		<Unit filename="../../example/avr/CMakeLists.txt" />
		<Unit filename="../../example/avr/avr-adc-dac-isr-atmega.e.cpp" />
		<Unit filename="../../example/avr/avr-adc-isr.e.cpp" />
		<Unit filename="../../example/avr/avr-blink-led-isr.e.cpp" />
		<Unit filename="../../example/avr/avr-blink-led.e.cpp" />
		<Unit filename="../../example/avr/avr-fade-led.e.cpp" />
		<Unit filename="../../example/avr/avr-kalman-sim.e.cpp" />
		<Unit filename="../../example/avr/io-adc-dac-isr-avr-atmega.cpp" />
		<Unit filename="../../example/avr/mk-avr-adc-dac-isr-atmega.e.py" />
		<Unit filename="../../example/avr/mk-avr-adc-isr.e.py" />
		<Unit filename="../../example/avr/mk-avr-blink-led-isr.e.py" />
		<Unit filename="../../example/avr/mk-avr-blink-led.e.py" />
		<Unit filename="../../example/avr/mk-avr-fade-led.e.py" />
		<Unit filename="../../example/avr/mk-avr-kalman-sim.e.py" />
		<Unit filename="../../example/desktop/CMakeLists.txt" />
		<Unit filename="../../example/desktop/biquad-cascade.e.cpp" />
		<Unit filename="../../example/desktop/biquad.e.cpp" />
		<Unit filename="../../example/desktop/chebyshev-design.e.cpp" />
		<Unit filename="../../example/desktop/covariance-error.e.cpp" />
		<Unit filename="../../example/desktop/kalman-sim.e.cpp" />
		<Unit filename="../../example/desktop/kalman-sim.out.txt" />
		<Unit filename="../../example/desktop/matrix.e.cpp" />
		<Unit filename="../../example/desktop/mk-kalman-sim.py" />
		<Unit filename="../../example/desktop/range.e.cpp" />
		<Unit filename="../../example/matlab/kalman-sim.m" />
		<Unit filename="../../example/matlab/kalman-sim.png" />
		<Unit filename="../../example/matlab/kalman.m" />
		<Unit filename="../../include/core/core.hpp" />
		<Unit filename="../../include/core/range.hpp" />
		<Unit filename="../../include/core/text.hpp" />
		<Unit filename="../../include/core/vector-io.hpp" />
		<Unit filename="../../include/dsp/biquad-cascade-io.hpp" />
		<Unit filename="../../include/dsp/biquad-cascade.hpp" />
		<Unit filename="../../include/dsp/biquad-io.hpp" />
		<Unit filename="../../include/dsp/biquad.hpp" />
		<Unit filename="../../include/dsp/chebyshev-design-io.hpp" />
		<Unit filename="../../include/dsp/chebyshev-design.hpp" />
		<Unit filename="../../include/dsp/filter-design.hpp" />
		<Unit filename="../../include/dsp/filter.hpp" />
		<Unit filename="../../include/dsp/kalman-io.hpp" />
		<Unit filename="../../include/dsp/kalman.hpp" />
		<Unit filename="../../include/mcu/00-i2c.h" />
		<Unit filename="../../include/mcu/00-ltc2485.h" />
		<Unit filename="../../include/mcu/atmega328.hpp" />
		<Unit filename="../../include/mcu/register.hpp" />
		<Unit filename="../../include/num/constants.hpp" />
		<Unit filename="../../include/num/fixed-point-io.hpp" />
		<Unit filename="../../include/num/fixed-point-poo37.hpp" />
		<Unit filename="../../include/num/fixed-point.hpp" />
		<Unit filename="../../include/num/matrix-io.hpp" />
		<Unit filename="../../include/num/matrix.hpp" />
		<Unit filename="../../include/std/algorithm.hpp" />
		<Unit filename="../../include/std/complex.hpp" />
		<Unit filename="../../include/std/cstdint.hpp" />
		<Unit filename="../../include/std/limits.hpp" />
		<Unit filename="../../include/std/tuple.hpp" />
		<Unit filename="../../include/std/type_traits.hpp" />
		<Unit filename="../../include/std/utility.hpp" />
		<Unit filename="../../issue/avr-issue-tpl-fun.b.cpp" />
		<Unit filename="../../script/avr-gcc-predefined.py" />
		<Unit filename="../../script/avr-gcc.py" />
		<Unit filename="../../script/avr-upload.py" />
		<Unit filename="../../test/CMakeLists.txt" />
		<Unit filename="../../test/biquad-cascade.t.cpp" />
		<Unit filename="../../test/biquad.t.cpp" />
		<Unit filename="../../test/core.t.cpp" />
		<Unit filename="../../test/fixed-point.t.cpp" />
		<Unit filename="../../test/lest.hpp" />
		<Unit filename="../../test/main-avr.t.cpp" />
		<Unit filename="../../test/main.t.cpp" />
		<Unit filename="../../test/matrix.t.cpp" />
		<Unit filename="../../test/stdcpp.t.cpp" />
		<Unit filename="../../test/t-avr.py" />
		<Unit filename="../../test/t.bat" />
		<Unit filename="../../test/tc.bat" />
		<Unit filename="../../test/tg.bat" />
		<Unit filename="../../time/CMakeLists.txt" />
		<Unit filename="../../time/avr-kalman-time.cpp" />
		<Unit filename="../../time/mk-avr-kalman-time.py" />
		<Extensions>
			<code_completion />
			<envvars />
			<debugger />
		</Extensions>
	</Project>
</CodeBlocks_project_file>
